<?xml version="1.0" encoding="utf-8"?>
<Project ToolsVersion="4.0" xmlns="http://schemas.microsoft.com/developer/msbuild/2003">
  <ItemGroup>
    <Filter Include="리소스 파일">
      <UniqueIdentifier>{67DA6AB6-F800-4c08-8B7A-83BB121AAD01}</UniqueIdentifier>
      <Extensions>rc;ico;cur;bmp;dlg;rc2;rct;bin;rgs;gif;jpg;jpeg;jpe;resx;tiff;tif;png;wav;mfcribbon-ms</Extensions>
    </Filter>
    <Filter Include="Define">
      <UniqueIdentifier>{76e8580c-64fb-48e8-9b51-00a564bd4fc7}</UniqueIdentifier>
    </Filter>
    <Filter Include="Engine">
      <UniqueIdentifier>{37793dae-1ac6-4d0a-aa36-5dcf19528dbf}</UniqueIdentifier>
    </Filter>
    <Filter Include="Engine\01. Header">
      <UniqueIdentifier>{3e4820fb-276f-4996-844b-c09e9921113e}</UniqueIdentifier>
    </Filter>
    <Filter Include="Engine\02. Core">
      <UniqueIdentifier>{70dd6b0e-1638-4af4-98c2-e15da672797f}</UniqueIdentifier>
    </Filter>
    <Filter Include="Engine\03. Manager">
      <UniqueIdentifier>{64a59c6e-d832-42cd-b13b-72a392c6633f}</UniqueIdentifier>
    </Filter>
    <Filter Include="Engine\03. Manager\Key">
      <UniqueIdentifier>{2ddf7f1c-c8d7-461c-9e00-17fd83adcbfb}</UniqueIdentifier>
    </Filter>
    <Filter Include="Engine\03. Manager\Time">
      <UniqueIdentifier>{8663d329-984a-4453-ac45-ed6adee29d70}</UniqueIdentifier>
    </Filter>
    <Filter Include="Engine\04. Object">
      <UniqueIdentifier>{b3c97398-8bfd-4c3b-a456-a5c68c9f2c1f}</UniqueIdentifier>
    </Filter>
    <Filter Include="Engine\05. Scene">
      <UniqueIdentifier>{df283063-ec24-4da1-8f3a-855b9d25ca69}</UniqueIdentifier>
    </Filter>
    <Filter Include="Engine\07. Component">
      <UniqueIdentifier>{9aee2fb7-7f75-40f2-a06f-9f59915080b7}</UniqueIdentifier>
    </Filter>
    <Filter Include="Engine\06. Resource">
      <UniqueIdentifier>{98f7cfab-6918-4e6d-8f07-9c4cc10c18d7}</UniqueIdentifier>
    </Filter>
    <Filter Include="Engine\08. Module">
      <UniqueIdentifier>{735acd4a-3d8a-49d5-af34-fa1951cd4c2a}</UniqueIdentifier>
    </Filter>
    <Filter Include="Engine\03. Manager\Scene">
      <UniqueIdentifier>{6591f48e-070b-42d5-a3f5-4fae72681aac}</UniqueIdentifier>
    </Filter>
    <Filter Include="Engine\05. Scene\01. StartScene">
      <UniqueIdentifier>{003c0b42-4a8d-447b-b301-240417a48898}</UniqueIdentifier>
    </Filter>
  </ItemGroup>
  <ItemGroup>
    <ClInclude Include="framework.h">
      <Filter>Define</Filter>
    </ClInclude>
    <ClInclude Include="targetver.h">
      <Filter>Define</Filter>
    </ClInclude>
    <ClInclude Include="winAPI-study.h">
      <Filter>Define</Filter>
    </ClInclude>
    <ClInclude Include="Resource.h">
      <Filter>Define</Filter>
    </ClInclude>
    <ClInclude Include="pch.h">
      <Filter>Engine</Filter>
    </ClInclude>
    <ClInclude Include="define.h">
      <Filter>Engine\01. Header</Filter>
    </ClInclude>
    <ClInclude Include="struct.h">
      <Filter>Engine\01. Header</Filter>
    </ClInclude>
    <ClInclude Include="Core.h">
      <Filter>Engine\02. Core</Filter>
    </ClInclude>
    <ClInclude Include="KeyMgr.h">
      <Filter>Engine\03. Manager\Key</Filter>
    </ClInclude>
    <ClInclude Include="TimeMgr.h">
      <Filter>Engine\03. Manager\Time</Filter>
    </ClInclude>
    <ClInclude Include="Object.h">
      <Filter>Engine\04. Object</Filter>
    </ClInclude>
    <ClInclude Include="Scene.h">
      <Filter>Engine\05. Scene</Filter>
    </ClInclude>
    <ClInclude Include="SceneMgr.h">
      <Filter>Engine\03. Manager\Scene</Filter>
    </ClInclude>
    <ClInclude Include="Scene_Start.h">
      <Filter>Engine\05. Scene\01. StartScene</Filter>
    </ClInclude>
  </ItemGroup>
  <ItemGroup>
    <ClCompile Include="winAPI-study.cpp">
      <Filter>Engine</Filter>
    </ClCompile>
    <ClCompile Include="Core.cpp">
      <Filter>Engine\02. Core</Filter>
    </ClCompile>
    <ClCompile Include="KeyMgr.cpp">
      <Filter>Engine\03. Manager\Key</Filter>
    </ClCompile>
    <ClCompile Include="TimeMgr.cpp">
      <Filter>Engine\03. Manager\Time</Filter>
    </ClCompile>
    <ClCompile Include="Object.cpp">
      <Filter>Engine\04. Object</Filter>
    </ClCompile>
    <ClCompile Include="Scene.cpp">
      <Filter>Engine\05. Scene</Filter>
    </ClCompile>
    <ClCompile Include="SceneMgr.cpp">
      <Filter>Engine\03. Manager\Scene</Filter>
    </ClCompile>
    <ClCompile Include="Scene_Start.cpp">
      <Filter>Engine\05. Scene\01. StartScene</Filter>
    </ClCompile>
  </ItemGroup>
  <ItemGroup>
    <ResourceCompile Include="winAPI-study.rc">
      <Filter>리소스 파일</Filter>
    </ResourceCompile>
  </ItemGroup>
  <ItemGroup>
    <Image Include="small.ico">
      <Filter>리소스 파일</Filter>
    </Image>
    <Image Include="winAPI-study.ico">
      <Filter>리소스 파일</Filter>
    </Image>
  </ItemGroup>
</Project>